<?xml version="1.0" encoding="utf-8"?>
<Project ToolsVersion="4.0" xmlns="http://schemas.microsoft.com/developer/msbuild/2003">
  <ItemGroup>
    <Filter Include="Resource Files">
      <UniqueIdentifier>{67DA6AB6-F800-4c08-8B7A-83BB121AAD01}</UniqueIdentifier>
      <Extensions>rc;ico;cur;bmp;dlg;rc2;rct;bin;rgs;gif;jpg;jpeg;jpe;resx;tiff;tif;png;wav;mfcribbon-ms;h</Extensions>
    </Filter>
    <Filter Include="Resource Files\Resources">
      <UniqueIdentifier>{c9d4091d-d8fd-46ae-9090-35643d1b9272}</UniqueIdentifier>
    </Filter>
    <Filter Include="Source">
      <UniqueIdentifier>{a8b33478-a849-432f-8197-fae385ae2ed7}</UniqueIdentifier>
    </Filter>
    <Filter Include="Source\GameInterop">
      <UniqueIdentifier>{9743bd6e-cec5-44c6-82f2-6b69656899a3}</UniqueIdentifier>
    </Filter>
    <Filter Include="Source\Forge">
      <UniqueIdentifier>{5ca2175b-91f2-4c11-a22f-428b6dd1348b}</UniqueIdentifier>
    </Filter>
    <Filter Include="Source\CLR">
      <UniqueIdentifier>{daf70bcd-9083-4a7a-b533-65bb789ffa5f}</UniqueIdentifier>
    </Filter>
  </ItemGroup>
  <ItemGroup>
    <ResourceCompile Include="app.rc">
      <Filter>Resource Files</Filter>
    </ResourceCompile>
  </ItemGroup>
  <ItemGroup>
    <Image Include="app.ico">
      <Filter>Resource Files</Filter>
    </Image>
  </ItemGroup>
  <ItemGroup>
    <Xml Include="ijwdependency.xml" />
  </ItemGroup>
  <ItemGroup>
    <None Include="ForgeBuild.props" />
    <None Include="README.md" />
    <None Include="$(ManifestOutputPath)" />
    <None Include="$(ManifestOutputPath)" />
    <None Include="$(ManifestOutputPath)" />
    <None Include="$(ManifestOutputPath)" />
    <None Include="$(ManifestOutputPath)" />
    <None Include="$(ManifestOutputPath)" />
  </ItemGroup>
  <ItemGroup>
    <ClInclude Include="S4Hooks.h">
      <Filter>Source\GameInterop</Filter>
    </ClInclude>
    <ClInclude Include="CrashHandler.h">
      <Filter>Source\Forge</Filter>
    </ClInclude>
    <ClInclude Include="Helper.h">
      <Filter>Source</Filter>
    </ClInclude>
    <ClInclude Include="Logger.h">
      <Filter>Source\Forge</Filter>
    </ClInclude>
    <ClInclude Include="ManagedLoader.h">
      <Filter>Source\Forge</Filter>
    </ClInclude>
    <ClInclude Include="S4APIHooks.h">
      <Filter>Source\GameInterop</Filter>
    </ClInclude>
    <ClInclude Include="globals.h">
      <Filter>Source</Filter>
    </ClInclude>
    <ClInclude Include="pch.h">
      <Filter>Source</Filter>
    </ClInclude>
    <ClInclude Include="ForgeLoader.h">
      <Filter>Source\Forge</Filter>
    </ClInclude>
    <ClInclude Include="NetS4ModApi.h">
      <Filter>Source\GameInterop</Filter>
    </ClInclude>
    <ClInclude Include="Resource.h">
      <Filter>Resource Files</Filter>
    </ClInclude>
    <ClInclude Include="ConfigManager.h">
      <Filter>Source\GameInterop</Filter>
    </ClInclude>
    <ClInclude Include="Lambda2Delegate.h">
      <Filter>Source\CLR</Filter>
    </ClInclude>
  </ItemGroup>
  <ItemGroup>
    <ClCompile Include="S4Hooks.cpp">
      <Filter>Source\GameInterop</Filter>
    </ClCompile>
    <ClCompile Include="CrashHandler.cpp">
      <Filter>Source\Forge</Filter>
    </ClCompile>
    <ClCompile Include="AssemblyInfo.cpp">
      <Filter>Source\CLR</Filter>
    </ClCompile>
    <ClCompile Include="Helper.cpp">
      <Filter>Source</Filter>
    </ClCompile>
    <ClCompile Include="Logger.cpp">
      <Filter>Source\Forge</Filter>
    </ClCompile>
    <ClCompile Include="ManagedLoader.cpp">
      <Filter>Source\Forge</Filter>
    </ClCompile>
    <ClCompile Include="DllMain.cpp">
      <Filter>Source</Filter>
    </ClCompile>
    <ClCompile Include="pch.cpp">
      <Filter>Source</Filter>
    </ClCompile>
    <ClCompile Include="ForgeLoader.cpp">
      <Filter>Source\Forge</Filter>
    </ClCompile>
    <ClCompile Include="NetS4ModApi.cpp" />
  </ItemGroup>
</Project>